
Microsoft Visual Studio Solution File, Format Version 12.00
# Visual Studio Version 17
VisualStudioVersion = 17.5.33530.505
MinimumVisualStudioVersion = 10.0.40219.1
Project("{888888A0-9F3D-457C-B088-3A5042F75D52}") = "deteccion de figuras", "deteccion de figuras.pyproj", "{1831B835-A18B-41E2-A991-930E41F410F9}"
EndProject
Global
	GlobalSection(SolutionConfigurationPlatforms) = preSolution
		Debug|Any CPU = Debug|Any CPU
		Release|Any CPU = Release|Any CPU
	EndGlobalSection
	GlobalSection(ProjectConfigurationPlatforms) = postSolution
		{1831B835-A18B-41E2-A991-930E41F410F9}.Debug|Any CPU.ActiveCfg = Debug|Any CPU
		{1831B835-A18B-41E2-A991-930E41F410F9}.Release|Any CPU.ActiveCfg = Release|Any CPU
	EndGlobalSection
	GlobalSection(SolutionProperties) = preSolution
		HideSolutionNode = FALSE
	EndGlobalSection
	GlobalSection(ExtensibilityGlobals) = postSolution
		SolutionGuid = {27DABEA3-2D11-4D97-9E71-9F768CB10F1D}
	EndGlobalSection
EndGlobal
